
Microsoft Visual Studio Solution File, Format Version 12.00
# Visual Studio Version 17
VisualStudioVersion = 17.14.36518.9 d17.14
MinimumVisualStudioVersion = 10.0.40219.1
Project("{FAE04EC0-301F-11D3-BF4B-00C04F79EFBC}") = "Notebook", "Notebook\Notebook.csproj", "{C6129E6D-B753-497F-A0E0-3EC10AC39360}"
EndProject
Global
	GlobalSection(SolutionConfigurationPlatforms) = preSolution
		Debug|Any CPU = Debug|Any CPU
		Release|Any CPU = Release|Any CPU
	EndGlobalSection
	GlobalSection(ProjectConfigurationPlatforms) = postSolution
		{C6129E6D-B753-497F-A0E0-3EC10AC39360}.Debug|Any CPU.ActiveCfg = Debug|Any CPU
		{C6129E6D-B753-497F-A0E0-3EC10AC39360}.Debug|Any CPU.Build.0 = Debug|Any CPU
		{C6129E6D-B753-497F-A0E0-3EC10AC39360}.Release|Any CPU.ActiveCfg = Release|Any CPU
		{C6129E6D-B753-497F-A0E0-3EC10AC39360}.Release|Any CPU.Build.0 = Release|Any CPU
	EndGlobalSection
	GlobalSection(SolutionProperties) = preSolution
		HideSolutionNode = FALSE
	EndGlobalSection
	GlobalSection(ExtensibilityGlobals) = postSolution
		SolutionGuid = {BD4147C4-03F5-4425-B267-CF7F8C812817}
	EndGlobalSection
EndGlobal
